<?xml version="1.0" encoding="utf-8"?>
<Project ToolsVersion="4.0" xmlns="http://schemas.microsoft.com/developer/msbuild/2003">
  <ItemGroup>
    <Filter Include="Source Files">
      <UniqueIdentifier>{4FC737F1-C7A5-4376-A066-2A32D752A2FF}</UniqueIdentifier>
      <Extensions>cpp;c;cxx;def;odl;idl;hpj;bat;asm;asmx</Extensions>
    </Filter>
    <Filter Include="Header Files">
      <UniqueIdentifier>{93995380-89BD-4b04-88EB-625FBE52EBFB}</UniqueIdentifier>
      <Extensions>h;hpp;hxx;hm;inl;inc;xsd</Extensions>
    </Filter>
    <Filter Include="Resource Files">
      <UniqueIdentifier>{67DA6AB6-F800-4c08-8B7A-83BB121AAD01}</UniqueIdentifier>
      <Extensions>rc;ico;cur;bmp;dlg;rc2;rct;bin;rgs;gif;jpg;jpeg;jpe;resx</Extensions>
    </Filter>
  </ItemGroup>
  <ItemGroup>
    <ClCompile Include="ExportAnimation.cpp">
      <Filter>Source Files</Filter>
    </ClCompile>
    <ClCompile Include="ExportBase.cpp">
      <Filter>Source Files</Filter>
    </ClCompile>
    <ClCompile Include="ExportCamera.cpp">
      <Filter>Source Files</Filter>
    </ClCompile>
    <ClCompile Include="ExportConsoleDialog.cpp">
      <Filter>Source Files</Filter>
    </ClCompile>
    <ClCompile Include="ExportDialogs.cpp">
      <Filter>Source Files</Filter>
    </ClCompile>
    <ClCompile Include="ExportDialogUtils.cpp">
      <Filter>Source Files</Filter>
    </ClCompile>
    <ClCompile Include="ExportFrame.cpp">
      <Filter>Source Files</Filter>
    </ClCompile>
    <ClCompile Include="ExportLight.cpp">
      <Filter>Source Files</Filter>
    </ClCompile>
    <ClCompile Include="ExportLog.cpp">
      <Filter>Source Files</Filter>
    </ClCompile>
    <ClCompile Include="ExportManifest.cpp">
      <Filter>Source Files</Filter>
    </ClCompile>
    <ClCompile Include="ExportMaterial.cpp">
      <Filter>Source Files</Filter>
    </ClCompile>
    <ClCompile Include="ExportMaterialDatabase.cpp">
      <Filter>Source Files</Filter>
    </ClCompile>
    <ClCompile Include="ExportMesh.cpp">
      <Filter>Source Files</Filter>
    </ClCompile>
    <ClCompile Include="ExportPath.cpp">
      <Filter>Source Files</Filter>
    </ClCompile>
    <ClCompile Include="ExportProgress.cpp">
      <Filter>Source Files</Filter>
    </ClCompile>
    <ClCompile Include="ExportScene.cpp">
      <Filter>Source Files</Filter>
    </ClCompile>
    <ClCompile Include="ExportSettings.cpp">
      <Filter>Source Files</Filter>
    </ClCompile>
    <ClCompile Include="ExportSettingsDialog.cpp">
      <Filter>Source Files</Filter>
    </ClCompile>
    <ClCompile Include="ExportSubD.cpp">
      <Filter>Source Files</Filter>
    </ClCompile>
    <ClCompile Include="ExportXmlParser.cpp">
      <Filter>Source Files</Filter>
    </ClCompile>
    <ClCompile Include="stdafx.cpp">
      <Filter>Source Files</Filter>
    </ClCompile>
  </ItemGroup>
  <ItemGroup>
    <ClInclude Include="ExportAnimation.h">
      <Filter>Header Files</Filter>
    </ClInclude>
    <ClInclude Include="ExportBase.h">
      <Filter>Header Files</Filter>
    </ClInclude>
    <ClInclude Include="ExportCamera.h">
      <Filter>Header Files</Filter>
    </ClInclude>
    <ClInclude Include="ExportConsoleDialog.h">
      <Filter>Header Files</Filter>
    </ClInclude>
    <ClInclude Include="ExportDialogs.h">
      <Filter>Header Files</Filter>
    </ClInclude>
    <ClInclude Include="ExportDialogUtils.h">
      <Filter>Header Files</Filter>
    </ClInclude>
    <ClInclude Include="..\ExporterGlobals.h">
      <Filter>Header Files</Filter>
    </ClInclude>
    <ClInclude Include="ExportFrame.h">
      <Filter>Header Files</Filter>
    </ClInclude>
    <ClInclude Include="ExportLight.h">
      <Filter>Header Files</Filter>
    </ClInclude>
    <ClInclude Include="ExportLog.h">
      <Filter>Header Files</Filter>
    </ClInclude>
    <ClInclude Include="ExportManifest.h">
      <Filter>Header Files</Filter>
    </ClInclude>
    <ClInclude Include="ExportMaterial.h">
      <Filter>Header Files</Filter>
    </ClInclude>
    <ClInclude Include="ExportMaterialDatabase.h">
      <Filter>Header Files</Filter>
    </ClInclude>
    <ClInclude Include="ExportMesh.h">
      <Filter>Header Files</Filter>
    </ClInclude>
    <ClInclude Include="ExportObjects.h">
      <Filter>Header Files</Filter>
    </ClInclude>
    <ClInclude Include="ExportPath.h">
      <Filter>Header Files</Filter>
    </ClInclude>
    <ClInclude Include="ExportProgress.h">
      <Filter>Header Files</Filter>
    </ClInclude>
    <ClInclude Include="ExportScene.h">
      <Filter>Header Files</Filter>
    </ClInclude>
    <ClInclude Include="ExportSettings.h">
      <Filter>Header Files</Filter>
    </ClInclude>
    <ClInclude Include="ExportSettingsDialog.h">
      <Filter>Header Files</Filter>
    </ClInclude>
    <ClInclude Include="ExportString.h">
      <Filter>Header Files</Filter>
    </ClInclude>
    <ClInclude Include="ExportSubD.h">
      <Filter>Header Files</Filter>
    </ClInclude>
    <ClInclude Include="ExportXmlParser.h">
      <Filter>Header Files</Filter>
    </ClInclude>
    <ClInclude Include="stdafx.h">
      <Filter>Header Files</Filter>
    </ClInclude>
    <ClInclude Include="ExportResources.h">
      <Filter>Resource Files</Filter>
    </ClInclude>
  </ItemGroup>
  <ItemGroup>
    <ResourceCompile Include="ExportResources.rc">
      <Filter>Resource Files</Filter>
    </ResourceCompile>
  </ItemGroup>
</Project>