<?xml version="1.0" encoding="utf-8"?>
<Project ToolsVersion="4.0" xmlns:atg="http://atg.xbox.com" xmlns="http://schemas.microsoft.com/developer/msbuild/2003">
  <ItemGroup>
    <Filter Include="Header Files">
      <UniqueIdentifier>{d76fe36f-16db-490a-9ba9-13d02e13a65b}</UniqueIdentifier>
    </Filter>
    <Filter Include="Source Files">
      <UniqueIdentifier>{d4f97b15-a8e2-4223-a242-ca68b901e1fb}</UniqueIdentifier>
    </Filter>
  </ItemGroup>
  <ItemGroup>
    <CLInclude Include="DirectXMesh.inl">
      <Filter>Header Files</Filter>
    </CLInclude>
    <CLInclude Include="DirectXMesh.h">
      <Filter>Header Files</Filter>
    </CLInclude>
    <ClCompile Include="DirectXMeshRemap.cpp">
      <Filter>Source Files</Filter>
    </ClCompile>
    <ClCompile Include="DirectXMeshTangentFrame.cpp">
      <Filter>Source Files</Filter>
    </ClCompile>
    <ClCompile Include="DirectXMeshUtil.cpp">
      <Filter>Source Files</Filter>
    </ClCompile>
    <ClCompile Include="DirectXMeshValidate.cpp">
      <Filter>Source Files</Filter>
    </ClCompile>
    <ClCompile Include="DirectXMeshVBReader.cpp">
      <Filter>Source Files</Filter>
    </ClCompile>
    <CLInclude Include="scoped.h">
      <Filter>Source Files</Filter>
    </CLInclude>
  </ItemGroup>
  <ItemGroup>
    <ClCompile Include="DirectXMeshAdjacency.cpp">
      <Filter>Source Files</Filter>
    </ClCompile>
    <ClCompile Include="DirectXMeshClean.cpp">
      <Filter>Source Files</Filter>
    </ClCompile>
    <ClCompile Include="DirectXMeshGSAdjacency.cpp">
      <Filter>Source Files</Filter>
    </ClCompile>
    <ClCompile Include="DirectXMeshNormals.cpp">
      <Filter>Source Files</Filter>
    </ClCompile>
    <ClCompile Include="DirectXMeshOptimize.cpp">
      <Filter>Source Files</Filter>
    </ClCompile>
    <ClCompile Include="DirectXMeshVBWriter.cpp">
      <Filter>Source Files</Filter>
    </ClCompile>
  </ItemGroup>
  <ItemGroup>
    <CLInclude Include="DirectXMeshP.h">
      <Filter>Source Files</Filter>
    </CLInclude>
  </ItemGroup>
  <ItemGroup>
  </ItemGroup>
</Project>