<?xml version="1.0" encoding="utf-8"?>
<Project ToolsVersion="4.0" xmlns:atg="http://atg.xbox.com" xmlns="http://schemas.microsoft.com/developer/msbuild/2003">
  <ItemGroup>
    <Filter Include="Header Files">
      <UniqueIdentifier>{f60f9092-aad3-4a54-8ca6-8d1bc004aa51}</UniqueIdentifier>
    </Filter>
    <Filter Include="Source Files">
      <UniqueIdentifier>{a3ab26f8-7304-4b45-9a72-898794779b70}</UniqueIdentifier>
    </Filter>
  </ItemGroup>
  <ItemGroup>
    <CLInclude Include="DirectXMesh.h">
      <Filter>Header Files</Filter>
    </CLInclude>
    <CLInclude Include="DirectXMesh.inl">
      <Filter>Header Files</Filter>
    </CLInclude>
    <CLInclude Include="DirectXMeshP.h">
      <Filter>Source Files</Filter>
    </CLInclude>
    <CLInclude Include="scoped.h">
      <Filter>Source Files</Filter>
    </CLInclude>
  </ItemGroup>
  <ItemGroup>
    <ClCompile Include="DirectXMeshRemap.cpp">
      <Filter>Source Files</Filter>
    </ClCompile>
    <ClCompile Include="DirectXMeshTangentFrame.cpp">
      <Filter>Source Files</Filter>
    </ClCompile>
    <ClCompile Include="DirectXMeshUtil.cpp">
      <Filter>Source Files</Filter>
    </ClCompile>
    <ClCompile Include="DirectXMeshValidate.cpp">
      <Filter>Source Files</Filter>
    </ClCompile>
    <ClCompile Include="DirectXMeshVBReader.cpp">
      <Filter>Source Files</Filter>
    </ClCompile>
  </ItemGroup>
  <ItemGroup>
    <ClCompile Include="DirectXMeshAdjacency.cpp">
      <Filter>Source Files</Filter>
    </ClCompile>
    <ClCompile Include="DirectXMeshClean.cpp">
      <Filter>Source Files</Filter>
    </ClCompile>
    <ClCompile Include="DirectXMeshGSAdjacency.cpp">
      <Filter>Source Files</Filter>
    </ClCompile>
    <ClCompile Include="DirectXMeshNormals.cpp">
      <Filter>Source Files</Filter>
    </ClCompile>
    <ClCompile Include="DirectXMeshOptimize.cpp">
      <Filter>Source Files</Filter>
    </ClCompile>
    <ClCompile Include="DirectXMeshVBWriter.cpp">
      <Filter>Source Files</Filter>
    </ClCompile>
  </ItemGroup>
  <ItemGroup>
  </ItemGroup>
  <ItemGroup>
  </ItemGroup>
</Project>